
Microsoft Visual Studio Solution File, Format Version 12.00
# Visual Studio Version 17
VisualStudioVersion = 17.10.34928.147
MinimumVisualStudioVersion = 10.0.40219.1
Project("{2150E333-8FDC-42A3-9474-1A3956D46DE8}") = "Services", "Services", "{59DD32E3-25B9-45EA-98E1-41DEFE57CF70}"
EndProject
Project("{2150E333-8FDC-42A3-9474-1A3956D46DE8}") = "ProductService", "ProductService", "{6C3A895E-FE06-4ECF-84F9-C68DB04AA90A}"
EndProject
Project("{9A19103F-16F7-4668-BE54-9A1E7A4F7556}") = "ProductService.Api", "Services\ProductService\ProductService.Api\ProductService.Api.csproj", "{C3E4BFB6-AD69-4308-BDFC-E120B3340E30}"
EndProject
Project("{9A19103F-16F7-4668-BE54-9A1E7A4F7556}") = "ProductService.Application", "Services\ProductService\ProductService.Application\ProductService.Application.csproj", "{ADAEFEAA-F03A-40C2-BF57-031B51DD0496}"
EndProject
Project("{9A19103F-16F7-4668-BE54-9A1E7A4F7556}") = "ProductService.Infrastructure", "Services\ProductService\ProductService.Infrastructure\ProductService.Infrastructure.csproj", "{0DC8260C-357D-4A16-A799-9DCD4A7B1863}"
EndProject
Project("{9A19103F-16F7-4668-BE54-9A1E7A4F7556}") = "ProductService.Domain", "Services\ProductService\ProductService.Domain\ProductService.Domain.csproj", "{3A7F45CC-83EA-46CA-BC6B-AADE8669356E}"
EndProject
Project("{9A19103F-16F7-4668-BE54-9A1E7A4F7556}") = "ProductService.Shared", "Services\ProductService\ProductService.Shared\ProductService.Shared.csproj", "{76F6A253-3757-432B-9619-E0E61C35A17F}"
EndProject
Project("{E53339B2-1760-4266-BCC7-CA923CBCF16C}") = "docker-compose", "docker-compose.dcproj", "{B92B13E2-81BF-4504-B57A-868F4DAB4FA4}"
EndProject
Project("{2150E333-8FDC-42A3-9474-1A3956D46DE8}") = "Gateways", "Gateways", "{951CC25D-005A-4C90-B2EC-39873D52B74C}"
EndProject
Project("{9A19103F-16F7-4668-BE54-9A1E7A4F7556}") = "OcelotApiGateway", "Gateways\OcelotApiGateway\OcelotApiGateway.csproj", "{47E0F6AD-DFE1-4D61-9023-DDC2E49CDF79}"
EndProject
Project("{2150E333-8FDC-42A3-9474-1A3956D46DE8}") = "AzureFunctions", "AzureFunctions", "{7C389E0F-2623-420E-875C-51870D40C599}"
EndProject
Project("{2150E333-8FDC-42A3-9474-1A3956D46DE8}") = "BuildingBlocks", "BuildingBlocks", "{C222C4B1-9B18-443A-80E7-6DDD9F12BF5A}"
EndProject
Project("{9A19103F-16F7-4668-BE54-9A1E7A4F7556}") = "BuildingBlocks", "BuildingBlocks\BuildingBlocks\BuildingBlocks.csproj", "{4CE92161-ED81-438F-AB08-ED91106F8376}"
EndProject
Project("{9A19103F-16F7-4668-BE54-9A1E7A4F7556}") = "EmployeesFunction", "AzureFunctions\EmployeesFunction\EmployeesFunction.csproj", "{958DE843-041F-426A-A057-F325C0743AE0}"
EndProject
Project("{2150E333-8FDC-42A3-9474-1A3956D46DE8}") = "CartService", "CartService", "{A3D395CB-5DA1-4984-9C6E-84296398B789}"
EndProject
Project("{FAE04EC0-301F-11D3-BF4B-00C04F79EFBC}") = "CartService.Api", "Services\CartService\CartService.API\CartService.Api.csproj", "{5F41D4E0-11AA-4731-9823-A7866A65D7F4}"
EndProject
Project("{FAE04EC0-301F-11D3-BF4B-00C04F79EFBC}") = "CartService.Application", "Services\CartService\CartService.Application\CartService.Application.csproj", "{5FFA5107-BE61-49CF-ACF7-3BBB9824ACD1}"
EndProject
Project("{FAE04EC0-301F-11D3-BF4B-00C04F79EFBC}") = "CartService.Domain", "Services\CartService\CartService.Domain\CartService.Domain.csproj", "{2B674108-3B27-4C6E-8B7C-624A1EB285D6}"
EndProject
Project("{FAE04EC0-301F-11D3-BF4B-00C04F79EFBC}") = "CartService.Infrastructure", "Services\CartService\CartService.Infrastructure\CartService.Infrastructure.csproj", "{899BDAE8-B49F-4030-94C3-C444B309A71F}"
EndProject
Global
	GlobalSection(SolutionConfigurationPlatforms) = preSolution
		Debug|Any CPU = Debug|Any CPU
		Release|Any CPU = Release|Any CPU
	EndGlobalSection
	GlobalSection(ProjectConfigurationPlatforms) = postSolution
		{C3E4BFB6-AD69-4308-BDFC-E120B3340E30}.Debug|Any CPU.ActiveCfg = Debug|Any CPU
		{C3E4BFB6-AD69-4308-BDFC-E120B3340E30}.Debug|Any CPU.Build.0 = Debug|Any CPU
		{C3E4BFB6-AD69-4308-BDFC-E120B3340E30}.Release|Any CPU.ActiveCfg = Release|Any CPU
		{C3E4BFB6-AD69-4308-BDFC-E120B3340E30}.Release|Any CPU.Build.0 = Release|Any CPU
		{ADAEFEAA-F03A-40C2-BF57-031B51DD0496}.Debug|Any CPU.ActiveCfg = Debug|Any CPU
		{ADAEFEAA-F03A-40C2-BF57-031B51DD0496}.Debug|Any CPU.Build.0 = Debug|Any CPU
		{ADAEFEAA-F03A-40C2-BF57-031B51DD0496}.Release|Any CPU.ActiveCfg = Release|Any CPU
		{ADAEFEAA-F03A-40C2-BF57-031B51DD0496}.Release|Any CPU.Build.0 = Release|Any CPU
		{0DC8260C-357D-4A16-A799-9DCD4A7B1863}.Debug|Any CPU.ActiveCfg = Debug|Any CPU
		{0DC8260C-357D-4A16-A799-9DCD4A7B1863}.Debug|Any CPU.Build.0 = Debug|Any CPU
		{0DC8260C-357D-4A16-A799-9DCD4A7B1863}.Release|Any CPU.ActiveCfg = Release|Any CPU
		{0DC8260C-357D-4A16-A799-9DCD4A7B1863}.Release|Any CPU.Build.0 = Release|Any CPU
		{3A7F45CC-83EA-46CA-BC6B-AADE8669356E}.Debug|Any CPU.ActiveCfg = Debug|Any CPU
		{3A7F45CC-83EA-46CA-BC6B-AADE8669356E}.Debug|Any CPU.Build.0 = Debug|Any CPU
		{3A7F45CC-83EA-46CA-BC6B-AADE8669356E}.Release|Any CPU.ActiveCfg = Release|Any CPU
		{3A7F45CC-83EA-46CA-BC6B-AADE8669356E}.Release|Any CPU.Build.0 = Release|Any CPU
		{76F6A253-3757-432B-9619-E0E61C35A17F}.Debug|Any CPU.ActiveCfg = Debug|Any CPU
		{76F6A253-3757-432B-9619-E0E61C35A17F}.Debug|Any CPU.Build.0 = Debug|Any CPU
		{76F6A253-3757-432B-9619-E0E61C35A17F}.Release|Any CPU.ActiveCfg = Release|Any CPU
		{76F6A253-3757-432B-9619-E0E61C35A17F}.Release|Any CPU.Build.0 = Release|Any CPU
		{B92B13E2-81BF-4504-B57A-868F4DAB4FA4}.Debug|Any CPU.ActiveCfg = Debug|Any CPU
		{B92B13E2-81BF-4504-B57A-868F4DAB4FA4}.Debug|Any CPU.Build.0 = Debug|Any CPU
		{B92B13E2-81BF-4504-B57A-868F4DAB4FA4}.Release|Any CPU.ActiveCfg = Release|Any CPU
		{B92B13E2-81BF-4504-B57A-868F4DAB4FA4}.Release|Any CPU.Build.0 = Release|Any CPU
		{47E0F6AD-DFE1-4D61-9023-DDC2E49CDF79}.Debug|Any CPU.ActiveCfg = Debug|Any CPU
		{47E0F6AD-DFE1-4D61-9023-DDC2E49CDF79}.Debug|Any CPU.Build.0 = Debug|Any CPU
		{47E0F6AD-DFE1-4D61-9023-DDC2E49CDF79}.Release|Any CPU.ActiveCfg = Release|Any CPU
		{47E0F6AD-DFE1-4D61-9023-DDC2E49CDF79}.Release|Any CPU.Build.0 = Release|Any CPU
		{4CE92161-ED81-438F-AB08-ED91106F8376}.Debug|Any CPU.ActiveCfg = Debug|Any CPU
		{4CE92161-ED81-438F-AB08-ED91106F8376}.Debug|Any CPU.Build.0 = Debug|Any CPU
		{4CE92161-ED81-438F-AB08-ED91106F8376}.Release|Any CPU.ActiveCfg = Release|Any CPU
		{4CE92161-ED81-438F-AB08-ED91106F8376}.Release|Any CPU.Build.0 = Release|Any CPU
		{958DE843-041F-426A-A057-F325C0743AE0}.Debug|Any CPU.ActiveCfg = Debug|Any CPU
		{958DE843-041F-426A-A057-F325C0743AE0}.Debug|Any CPU.Build.0 = Debug|Any CPU
		{958DE843-041F-426A-A057-F325C0743AE0}.Release|Any CPU.ActiveCfg = Release|Any CPU
		{958DE843-041F-426A-A057-F325C0743AE0}.Release|Any CPU.Build.0 = Release|Any CPU
		{5F41D4E0-11AA-4731-9823-A7866A65D7F4}.Debug|Any CPU.ActiveCfg = Debug|Any CPU
		{5F41D4E0-11AA-4731-9823-A7866A65D7F4}.Debug|Any CPU.Build.0 = Debug|Any CPU
		{5F41D4E0-11AA-4731-9823-A7866A65D7F4}.Release|Any CPU.ActiveCfg = Release|Any CPU
		{5F41D4E0-11AA-4731-9823-A7866A65D7F4}.Release|Any CPU.Build.0 = Release|Any CPU
		{5FFA5107-BE61-49CF-ACF7-3BBB9824ACD1}.Debug|Any CPU.ActiveCfg = Debug|Any CPU
		{5FFA5107-BE61-49CF-ACF7-3BBB9824ACD1}.Debug|Any CPU.Build.0 = Debug|Any CPU
		{5FFA5107-BE61-49CF-ACF7-3BBB9824ACD1}.Release|Any CPU.ActiveCfg = Release|Any CPU
		{5FFA5107-BE61-49CF-ACF7-3BBB9824ACD1}.Release|Any CPU.Build.0 = Release|Any CPU
		{2B674108-3B27-4C6E-8B7C-624A1EB285D6}.Debug|Any CPU.ActiveCfg = Debug|Any CPU
		{2B674108-3B27-4C6E-8B7C-624A1EB285D6}.Debug|Any CPU.Build.0 = Debug|Any CPU
		{2B674108-3B27-4C6E-8B7C-624A1EB285D6}.Release|Any CPU.ActiveCfg = Release|Any CPU
		{2B674108-3B27-4C6E-8B7C-624A1EB285D6}.Release|Any CPU.Build.0 = Release|Any CPU
		{899BDAE8-B49F-4030-94C3-C444B309A71F}.Debug|Any CPU.ActiveCfg = Debug|Any CPU
		{899BDAE8-B49F-4030-94C3-C444B309A71F}.Debug|Any CPU.Build.0 = Debug|Any CPU
		{899BDAE8-B49F-4030-94C3-C444B309A71F}.Release|Any CPU.ActiveCfg = Release|Any CPU
		{899BDAE8-B49F-4030-94C3-C444B309A71F}.Release|Any CPU.Build.0 = Release|Any CPU
	EndGlobalSection
	GlobalSection(SolutionProperties) = preSolution
		HideSolutionNode = FALSE
	EndGlobalSection
	GlobalSection(NestedProjects) = preSolution
		{6C3A895E-FE06-4ECF-84F9-C68DB04AA90A} = {59DD32E3-25B9-45EA-98E1-41DEFE57CF70}
		{C3E4BFB6-AD69-4308-BDFC-E120B3340E30} = {6C3A895E-FE06-4ECF-84F9-C68DB04AA90A}
		{ADAEFEAA-F03A-40C2-BF57-031B51DD0496} = {6C3A895E-FE06-4ECF-84F9-C68DB04AA90A}
		{0DC8260C-357D-4A16-A799-9DCD4A7B1863} = {6C3A895E-FE06-4ECF-84F9-C68DB04AA90A}
		{3A7F45CC-83EA-46CA-BC6B-AADE8669356E} = {6C3A895E-FE06-4ECF-84F9-C68DB04AA90A}
		{76F6A253-3757-432B-9619-E0E61C35A17F} = {6C3A895E-FE06-4ECF-84F9-C68DB04AA90A}
		{47E0F6AD-DFE1-4D61-9023-DDC2E49CDF79} = {951CC25D-005A-4C90-B2EC-39873D52B74C}
		{4CE92161-ED81-438F-AB08-ED91106F8376} = {C222C4B1-9B18-443A-80E7-6DDD9F12BF5A}
		{958DE843-041F-426A-A057-F325C0743AE0} = {7C389E0F-2623-420E-875C-51870D40C599}
		{A3D395CB-5DA1-4984-9C6E-84296398B789} = {59DD32E3-25B9-45EA-98E1-41DEFE57CF70}
		{5F41D4E0-11AA-4731-9823-A7866A65D7F4} = {A3D395CB-5DA1-4984-9C6E-84296398B789}
		{5FFA5107-BE61-49CF-ACF7-3BBB9824ACD1} = {A3D395CB-5DA1-4984-9C6E-84296398B789}
		{2B674108-3B27-4C6E-8B7C-624A1EB285D6} = {A3D395CB-5DA1-4984-9C6E-84296398B789}
		{899BDAE8-B49F-4030-94C3-C444B309A71F} = {A3D395CB-5DA1-4984-9C6E-84296398B789}
	EndGlobalSection
	GlobalSection(ExtensibilityGlobals) = postSolution
		SolutionGuid = {400A6AE8-E3E1-411B-A22B-A89475B55F1C}
	EndGlobalSection
EndGlobal
